
Microsoft Visual Studio Solution File, Format Version 12.00
# Visual Studio Version 17
VisualStudioVersion = 17.2.32616.157
MinimumVisualStudioVersion = 10.0.40219.1
Project("{FAE04EC0-301F-11D3-BF4B-00C04F79EFBC}") = "Map Builder", "Map Builder\Map Builder.csproj", "{BEBCB719-1712-4176-988B-5CA304782CA5}"
EndProject
Global
	GlobalSection(SolutionConfigurationPlatforms) = preSolution
		Debug|Any CPU = Debug|Any CPU
		Release|Any CPU = Release|Any CPU
	EndGlobalSection
	GlobalSection(ProjectConfigurationPlatforms) = postSolution
		{BEBCB719-1712-4176-988B-5CA304782CA5}.Debug|Any CPU.ActiveCfg = Debug|Any CPU
		{BEBCB719-1712-4176-988B-5CA304782CA5}.Debug|Any CPU.Build.0 = Debug|Any CPU
		{BEBCB719-1712-4176-988B-5CA304782CA5}.Release|Any CPU.ActiveCfg = Release|Any CPU
		{BEBCB719-1712-4176-988B-5CA304782CA5}.Release|Any CPU.Build.0 = Release|Any CPU
	EndGlobalSection
	GlobalSection(SolutionProperties) = preSolution
		HideSolutionNode = FALSE
	EndGlobalSection
	GlobalSection(ExtensibilityGlobals) = postSolution
		SolutionGuid = {16FF9F9A-B1BB-4FC9-92C7-31EBE425BA77}
	EndGlobalSection
EndGlobal
